
Microsoft Visual Studio Solution File, Format Version 12.00
# Visual Studio Version 17
VisualStudioVersion = 17.9.34723.18
MinimumVisualStudioVersion = 10.0.40219.1
Project("{FAE04EC0-301F-11D3-BF4B-00C04F79EFBC}") = "1111410016_劉梓旋_032", "1111410016_劉梓旋_032\1111410016_劉梓旋_032.csproj", "{65818F91-231A-4419-8FA3-475A5F663F70}"
EndProject
Global
	GlobalSection(SolutionConfigurationPlatforms) = preSolution
		Debug|Any CPU = Debug|Any CPU
		Release|Any CPU = Release|Any CPU
	EndGlobalSection
	GlobalSection(ProjectConfigurationPlatforms) = postSolution
		{65818F91-231A-4419-8FA3-475A5F663F70}.Debug|Any CPU.ActiveCfg = Debug|Any CPU
		{65818F91-231A-4419-8FA3-475A5F663F70}.Debug|Any CPU.Build.0 = Debug|Any CPU
		{65818F91-231A-4419-8FA3-475A5F663F70}.Release|Any CPU.ActiveCfg = Release|Any CPU
		{65818F91-231A-4419-8FA3-475A5F663F70}.Release|Any CPU.Build.0 = Release|Any CPU
	EndGlobalSection
	GlobalSection(SolutionProperties) = preSolution
		HideSolutionNode = FALSE
	EndGlobalSection
	GlobalSection(ExtensibilityGlobals) = postSolution
		SolutionGuid = {2B9DE4C5-63C1-496F-B2D5-FB720112F9C1}
	EndGlobalSection
EndGlobal
